{
  "name": "mcm",
  "lockfileVersion": 3,
  "requires": true,
  "packages": {
    "": {
      "name": "mcm",
      "workspaces": [
        "client",
        "libs"
      ]
    },
    "client": {
      "name": "@mcm/client",
      "version": "0.0.1",
      "dependencies": {
        "@mcm/libs": "0.0.1",
        "chart.js": "^4.4.1",
        "papaparse": "^5.4.1"
      },
      "devDependencies": {
        "@types/papaparse": "^5.3.14",
        "typescript": "^5.2.2",
        "vite": "^5.1.0"
      }
    },
    "client/node_modules/@esbuild/linux-x64": {
      "version": "0.19.12",
      "cpu": [
        "x64"
      ],
      "dev": true,
      "license": "MIT",
      "optional": true,
      "os": [
        "linux"
      ],
      "engines": {
        "node": ">=12"
      }
    },
    "client/node_modules/@rollup/rollup-linux-x64-gnu": {
      "version": "4.12.0",
      "cpu": [
        "x64"
      ],
      "dev": true,
      "license": "MIT",
      "optional": true,
      "os": [
        "linux"
      ]
    },
    "client/node_modules/@types/estree": {
      "version": "1.0.5",
      "dev": true,
      "license": "MIT"
    },
    "client/node_modules/esbuild": {
      "version": "0.19.12",
      "dev": true,
      "hasInstallScript": true,
      "license": "MIT",
      "bin": {
        "esbuild": "bin/esbuild"
      },
      "engines": {
        "node": ">=12"
      },
      "optionalDependencies": {
        "@esbuild/aix-ppc64": "0.19.12",
        "@esbuild/android-arm": "0.19.12",
        "@esbuild/android-arm64": "0.19.12",
        "@esbuild/android-x64": "0.19.12",
        "@esbuild/darwin-arm64": "0.19.12",
        "@esbuild/darwin-x64": "0.19.12",
        "@esbuild/freebsd-arm64": "0.19.12",
        "@esbuild/freebsd-x64": "0.19.12",
        "@esbuild/linux-arm": "0.19.12",
        "@esbuild/linux-arm64": "0.19.12",
        "@esbuild/linux-ia32": "0.19.12",
        "@esbuild/linux-loong64": "0.19.12",
        "@esbuild/linux-mips64el": "0.19.12",
        "@esbuild/linux-ppc64": "0.19.12",
        "@esbuild/linux-riscv64": "0.19.12",
        "@esbuild/linux-s390x": "0.19.12",
        "@esbuild/linux-x64": "0.19.12",
        "@esbuild/netbsd-x64": "0.19.12",
        "@esbuild/openbsd-x64": "0.19.12",
        "@esbuild/sunos-x64": "0.19.12",
        "@esbuild/win32-arm64": "0.19.12",
        "@esbuild/win32-ia32": "0.19.12",
        "@esbuild/win32-x64": "0.19.12"
      }
    },
    "client/node_modules/nanoid": {
      "version": "3.3.7",
      "dev": true,
      "funding": [
        {
          "type": "github",
          "url": "https://github.com/sponsors/ai"
        }
      ],
      "license": "MIT",
      "bin": {
        "nanoid": "bin/nanoid.cjs"
      },
      "engines": {
        "node": "^10 || ^12 || ^13.7 || ^14 || >=15.0.1"
      }
    },
    "client/node_modules/picocolors": {
      "version": "1.0.0",
      "dev": true,
      "license": "ISC"
    },
    "client/node_modules/postcss": {
      "version": "8.4.35",
      "dev": true,
      "funding": [
        {
          "type": "opencollective",
          "url": "https://opencollective.com/postcss/"
        },
        {
          "type": "tidelift",
          "url": "https://tidelift.com/funding/github/npm/postcss"
        },
        {
          "type": "github",
          "url": "https://github.com/sponsors/ai"
        }
      ],
      "license": "MIT",
      "dependencies": {
        "nanoid": "^3.3.7",
        "picocolors": "^1.0.0",
        "source-map-js": "^1.0.2"
      },
      "engines": {
        "node": "^10 || ^12 || >=14"
      }
    },
    "client/node_modules/rollup": {
      "version": "4.12.0",
      "dev": true,
      "license": "MIT",
      "dependencies": {
        "@types/estree": "1.0.5"
      },
      "bin": {
        "rollup": "dist/bin/rollup"
      },
      "engines": {
        "node": ">=18.0.0",
        "npm": ">=8.0.0"
      },
      "optionalDependencies": {
        "@rollup/rollup-android-arm-eabi": "4.12.0",
        "@rollup/rollup-android-arm64": "4.12.0",
        "@rollup/rollup-darwin-arm64": "4.12.0",
        "@rollup/rollup-darwin-x64": "4.12.0",
        "@rollup/rollup-linux-arm-gnueabihf": "4.12.0",
        "@rollup/rollup-linux-arm64-gnu": "4.12.0",
        "@rollup/rollup-linux-arm64-musl": "4.12.0",
        "@rollup/rollup-linux-riscv64-gnu": "4.12.0",
        "@rollup/rollup-linux-x64-gnu": "4.12.0",
        "@rollup/rollup-linux-x64-musl": "4.12.0",
        "@rollup/rollup-win32-arm64-msvc": "4.12.0",
        "@rollup/rollup-win32-ia32-msvc": "4.12.0",
        "@rollup/rollup-win32-x64-msvc": "4.12.0",
        "fsevents": "~2.3.2"
      }
    },
    "client/node_modules/source-map-js": {
      "version": "1.0.2",
      "dev": true,
      "license": "BSD-3-Clause",
      "engines": {
        "node": ">=0.10.0"
      }
    },
    "client/node_modules/vite": {
      "version": "5.1.3",
      "dev": true,
      "license": "MIT",
      "dependencies": {
        "esbuild": "^0.19.3",
        "postcss": "^8.4.35",
        "rollup": "^4.2.0"
      },
      "bin": {
        "vite": "bin/vite.js"
      },
      "engines": {
        "node": "^18.0.0 || >=20.0.0"
      },
      "funding": {
        "url": "https://github.com/vitejs/vite?sponsor=1"
      },
      "optionalDependencies": {
        "fsevents": "~2.3.3"
      },
      "peerDependencies": {
        "@types/node": "^18.0.0 || >=20.0.0",
        "less": "*",
        "lightningcss": "^1.21.0",
        "sass": "*",
        "stylus": "*",
        "sugarss": "*",
        "terser": "^5.4.0"
      },
      "peerDependenciesMeta": {
        "@types/node": {
          "optional": true
        },
        "less": {
          "optional": true
        },
        "lightningcss": {
          "optional": true
        },
        "sass": {
          "optional": true
        },
        "stylus": {
          "optional": true
        },
        "sugarss": {
          "optional": true
        },
        "terser": {
          "optional": true
        }
      }
    },
    "libs": {
      "name": "@mcm/libs",
      "version": "0.0.1",
      "dependencies": {
        "@babylonjs/havok": "^1.3.0",
        "@babylonjs/serializers": "^6.43.0",
        "babylonjs": "^6.43.0",
        "lodash-es": "^4.17.21",
        "quickhull3d": "^2.1.0"
      },
      "devDependencies": {
        "@types/lodash-es": "^4.17.12",
        "@types/node": "^20.11.19",
        "typescript": "^5.3.3"
      }
    },
    "node_modules/@babylonjs/core": {
      "version": "6.43.0",
      "resolved": "https://registry.npmjs.org/@babylonjs/core/-/core-6.43.0.tgz",
      "integrity": "sha512-pLFvvtC26TeICUcF0YjuuQqvCahJwPlATXnJkvBzMWXXxUE0Y5rI8L28iScu2WKy975605KdccJI5VL2NG7sUQ==",
      "peer": true
    },
    "node_modules/@babylonjs/havok": {
      "version": "1.3.1",
      "resolved": "https://registry.npmjs.org/@babylonjs/havok/-/havok-1.3.1.tgz",
      "integrity": "sha512-ctaAQ2RN7hzE2vukGiA27//08YE4RNqH4RN26fCd8q0q7Qn+pXg4P61ZgakWYox/YS4VqHrB3ovZUDtPt2Scxg==",
      "dependencies": {
        "@types/emscripten": "^1.39.6"
      }
    },
    "node_modules/@babylonjs/serializers": {
      "version": "6.43.0",
      "resolved": "https://registry.npmjs.org/@babylonjs/serializers/-/serializers-6.43.0.tgz",
      "integrity": "sha512-cVFGO98SapRf/QJRQx7+hZkbFnDhXuHK9obDJKKpv/76vSpLWDoLoZk1v1Nu8pm30n75Ukffcco77Za14ZZhFA==",
      "peerDependencies": {
        "@babylonjs/core": "^6.0.0",
        "babylonjs-gltf2interface": "^6.0.0"
      }
    },
    "node_modules/@kurkle/color": {
      "version": "0.3.2",
      "resolved": "https://registry.npmjs.org/@kurkle/color/-/color-0.3.2.tgz",
      "integrity": "sha512-fuscdXJ9G1qb7W8VdHi+IwRqij3lBkosAm4ydQtEmbY58OzHXqQhvlxqEkoz0yssNVn38bcpRWgA9PP+OGoisw=="
    },
    "node_modules/@mcm/client": {
      "resolved": "client",
      "link": true
    },
    "node_modules/@mcm/libs": {
      "resolved": "libs",
      "link": true
    },
    "node_modules/@types/emscripten": {
      "version": "1.39.10",
      "resolved": "https://registry.npmjs.org/@types/emscripten/-/emscripten-1.39.10.tgz",
      "integrity": "sha512-TB/6hBkYQJxsZHSqyeuO1Jt0AB/bW6G7rHt9g7lML7SOF6lbgcHvw/Lr+69iqN0qxgXLhWKScAon73JNnptuDw=="
    },
    "node_modules/@types/lodash": {
      "version": "4.14.202",
      "resolved": "https://registry.npmjs.org/@types/lodash/-/lodash-4.14.202.tgz",
      "integrity": "sha512-OvlIYQK9tNneDlS0VN54LLd5uiPCBOp7gS5Z0f1mjoJYBrtStzgmJBxONW3U6OZqdtNzZPmn9BS/7WI7BFFcFQ==",
      "dev": true
    },
    "node_modules/@types/lodash-es": {
      "version": "4.17.12",
      "resolved": "https://registry.npmjs.org/@types/lodash-es/-/lodash-es-4.17.12.tgz",
      "integrity": "sha512-0NgftHUcV4v34VhXm8QBSftKVXtbkBG3ViCjs6+eJ5a6y6Mi/jiFGPc1sC7QK+9BFhWrURE3EOggmWaSxL9OzQ==",
      "dev": true,
      "dependencies": {
        "@types/lodash": "*"
      }
    },
    "node_modules/@types/node": {
      "version": "20.11.19",
      "resolved": "https://registry.npmjs.org/@types/node/-/node-20.11.19.tgz",
      "integrity": "sha512-7xMnVEcZFu0DikYjWOlRq7NTPETrm7teqUT2WkQjrTIkEgUyyGdWsj/Zg8bEJt5TNklzbPD1X3fqfsHw3SpapQ==",
      "dev": true,
      "dependencies": {
        "undici-types": "~5.26.4"
      }
    },
    "node_modules/@types/papaparse": {
      "version": "5.3.14",
      "resolved": "https://registry.npmjs.org/@types/papaparse/-/papaparse-5.3.14.tgz",
      "integrity": "sha512-LxJ4iEFcpqc6METwp9f6BV6VVc43m6MfH0VqFosHvrUgfXiFe6ww7R3itkOQ+TCK6Y+Iv/+RnnvtRZnkc5Kc9g==",
      "dev": true,
      "dependencies": {
        "@types/node": "*"
      }
    },
    "node_modules/babylonjs": {
      "version": "6.43.0",
      "resolved": "https://registry.npmjs.org/babylonjs/-/babylonjs-6.43.0.tgz",
      "integrity": "sha512-dcT6GE4cHq0xXrDYeQKQLXOPvqZ0lSmS/QROQkEjf/vLKwNJTgdpLl7BQyDyjxdqe7cBeiBlfKBwYPM+PT50gQ==",
      "hasInstallScript": true
    },
    "node_modules/babylonjs-gltf2interface": {
      "version": "6.43.0",
      "resolved": "https://registry.npmjs.org/babylonjs-gltf2interface/-/babylonjs-gltf2interface-6.43.0.tgz",
      "integrity": "sha512-+orCb4giE41Ysl8d2ZOeYCRBsT6FnmDwkW9+sHcEACUEpdtFeTShZ+ckucDAB/Ia2e3ah9F2hADbGA/8TfFngg==",
      "peer": true
    },
    "node_modules/chart.js": {
      "version": "4.4.1",
      "resolved": "https://registry.npmjs.org/chart.js/-/chart.js-4.4.1.tgz",
      "integrity": "sha512-C74QN1bxwV1v2PEujhmKjOZ7iUM4w6BWs23Md/6aOZZSlwMzeCIDGuZay++rBgChYru7/+QFeoQW0fQoP534Dg==",
      "dependencies": {
        "@kurkle/color": "^0.3.0"
      },
      "engines": {
        "pnpm": ">=7"
      }
    },
    "node_modules/debug": {
      "version": "4.3.4",
      "resolved": "https://registry.npmjs.org/debug/-/debug-4.3.4.tgz",
      "integrity": "sha512-PRWFHuSU3eDtQJPvnNY7Jcket1j0t5OuOsFzPPzsekD52Zl8qUfFIPEiswXqIvHWGVHOgX+7G/vCNNhehwxfkQ==",
      "dependencies": {
        "ms": "2.1.2"
      },
      "engines": {
        "node": ">=6.0"
      },
      "peerDependenciesMeta": {
        "supports-color": {
          "optional": true
        }
      }
    },
    "node_modules/get-plane-normal": {
      "version": "1.0.0",
      "resolved": "https://registry.npmjs.org/get-plane-normal/-/get-plane-normal-1.0.0.tgz",
      "integrity": "sha512-MUtCvFQCerkHvH97PyZ6IzUzxrJbkie7CA8oB/065l6Ui7UUq3JwiEMzXRasY0AotKmlj8/RieDDwvs9jLr+Sw==",
      "dependencies": {
        "gl-vec3": "^1.0.3"
      }
    },
    "node_modules/gl-vec3": {
      "version": "1.1.3",
      "resolved": "https://registry.npmjs.org/gl-vec3/-/gl-vec3-1.1.3.tgz",
      "integrity": "sha512-jduKUqT0SGH02l8Yl+mV1yVsDfYgQAJyXGxkJQGyxPLHRiW25DwVIRPt6uvhrEMHftJfqhqKthRcyZqNEl9Xdw=="
    },
    "node_modules/lodash-es": {
      "version": "4.17.21",
      "resolved": "https://registry.npmjs.org/lodash-es/-/lodash-es-4.17.21.tgz",
      "integrity": "sha512-mKnC+QJ9pWVzv+C4/U3rRsHapFfHvQFoFB92e52xeyGMcX6/OlIl78je1u8vePzYZSkkogMPJ2yjxxsb89cxyw=="
    },
    "node_modules/ms": {
      "version": "2.1.2",
      "resolved": "https://registry.npmjs.org/ms/-/ms-2.1.2.tgz",
      "integrity": "sha512-sGkPx+VjMtmA6MX27oA4FBFELFCZZ4S4XqeGOXCv68tT+jb3vk/RyaKWP0PTKyWtmLSM0b+adUTEvbs1PEaH2w=="
    },
    "node_modules/papaparse": {
      "version": "5.4.1",
      "resolved": "https://registry.npmjs.org/papaparse/-/papaparse-5.4.1.tgz",
      "integrity": "sha512-HipMsgJkZu8br23pW15uvo6sib6wne/4woLZPlFf3rpDyMe9ywEXUsuD7+6K9PRkJlVT51j/sCOYDKGGS3ZJrw=="
    },
    "node_modules/point-line-distance": {
      "version": "1.0.0",
      "resolved": "https://registry.npmjs.org/point-line-distance/-/point-line-distance-1.0.0.tgz",
      "integrity": "sha512-v8ikKuyqcs6nv776u6ygBzQoYg+FylS+JZDNmG/IsHpQ9ifUpshd20clVr0jI9J8WFKSOHIz/FlT3CnYVQg38A==",
      "dependencies": {
        "gl-vec3": "^1.0.3"
      }
    },
    "node_modules/quickhull3d": {
      "version": "2.1.0",
      "resolved": "https://registry.npmjs.org/quickhull3d/-/quickhull3d-2.1.0.tgz",
      "integrity": "sha512-R5X1cTScwn0Eo3MVD7On6WGmEc28xttkaU2dwY7vdTjn7sixvc3rhl4G8uQNCZ6w4zE9LMlY8gHO7zC6/UoSDA==",
      "dependencies": {
        "debug": "^4.3.4",
        "get-plane-normal": "^1.0.0",
        "gl-vec3": "^1.1.3",
        "point-line-distance": "^1.0.0"
      }
    },
    "node_modules/typescript": {
      "version": "5.3.3",
      "resolved": "https://registry.npmjs.org/typescript/-/typescript-5.3.3.tgz",
      "integrity": "sha512-pXWcraxM0uxAS+tN0AG/BF2TyqmHO014Z070UsJ+pFvYuRSq8KH8DmWpnbXe0pEPDHXZV3FcAbJkijJ5oNEnWw==",
      "dev": true,
      "bin": {
        "tsc": "bin/tsc",
        "tsserver": "bin/tsserver"
      },
      "engines": {
        "node": ">=14.17"
      }
    },
    "node_modules/undici-types": {
      "version": "5.26.5",
      "resolved": "https://registry.npmjs.org/undici-types/-/undici-types-5.26.5.tgz",
      "integrity": "sha512-JlCMO+ehdEIKqlFxk6IfVoAUVmgz7cU7zD/h9XZ0qzeosSHmUJVOzSQvvYSYWXkFXC+IfLKSIffhv0sVZup6pA==",
      "dev": true
    }
  }
}
